// !$*UTF8*$!
{
	archiveVersion = 1;
	classes = {
	};
	objectVersion = 46;
	objects = {

/* Begin PBXBuildFile section */
		AAE79DDC1F006ED80061882C /* AppDelegate.swift in Sources */ = {isa = PBXBuildFile; fileRef = AAE79DDB1F006ED80061882C /* AppDelegate.swift */; };
		AAE79DDE1F006ED80061882C /* ViewController.swift in Sources */ = {isa = PBXBuildFile; fileRef = AAE79DDD1F006ED80061882C /* ViewController.swift */; };
		AAE79DE11F006ED80061882C /* Main.storyboard in Resources */ = {isa = PBXBuildFile; fileRef = AAE79DDF1F006ED80061882C /* Main.storyboard */; };
		AAE79DE31F006ED80061882C /* Assets.xcassets in Resources */ = {isa = PBXBuildFile; fileRef = AAE79DE21F006ED80061882C /* Assets.xcassets */; };
		AAE79DE61F006ED80061882C /* LaunchScreen.storyboard in Resources */ = {isa = PBXBuildFile; fileRef = AAE79DE41F006ED80061882C /* LaunchScreen.storyboard */; };
/* End PBXBuildFile section */

/* Begin PBXFileReference section */
		AAE79DD81F006ED80061882C /* HowManyFingers.app */ = {isa = PBXFileReference; explicitFileType = wrapper.application; includeInIndex = 0; path = HowManyFingers.app; sourceTree = BUILT_PRODUCTS_DIR; };
		AAE79DDB1F006ED80061882C /* AppDelegate.swift */ = {isa = PBXFileReference; lastKnownFileType = sourcecode.swift; path = AppDelegate.swift; sourceTree = "<group>"; };
		AAE79DDD1F006ED80061882C /* ViewController.swift */ = {isa = PBXFileReference; lastKnownFileType = sourcecode.swift; path = ViewController.swift; sourceTree = "<group>"; };
		AAE79DE01F006ED80061882C /* Base */ = {isa = PBXFileReference; lastKnownFileType = file.storyboard; name = Base; path = Base.lproj/Main.storyboard; sourceTree = "<group>"; };
		AAE79DE21F006ED80061882C /* Assets.xcassets */ = {isa = PBXFileReference; lastKnownFileType = folder.assetcatalog; path = Assets.xcassets; sourceTree = "<group>"; };
		AAE79DE51F006ED80061882C /* Base */ = {isa = PBXFileReference; lastKnownFileType = file.storyboard; name = Base; path = Base.lproj/LaunchScreen.storyboard; sourceTree = "<group>"; };
		AAE79DE71F006ED80061882C /* Info.plist */ = {isa = PBXFileReference; lastKnownFileType = text.plist.xml; path = Info.plist; sourceTree = "<group>"; };
/* End PBXFileReference section */

/* Begin PBXFrameworksBuildPhase section */
		AAE79DD51F006ED80061882C /* Frameworks */ = {
			isa = PBXFrameworksBuildPhase;
			buildActionMask = 2147483647;
			files = (
			);
			runOnlyForDeploymentPostprocessing = 0;
		};
/* End PBXFrameworksBuildPhase section */

/* Begin PBXGroup section */
		AAE79DCF1F006ED70061882C = {
			isa = PBXGroup;
			children = (
				AAE79DDA1F006ED80061882C /* HowManyFingers */,
				AAE79DD91F006ED80061882C /* Products */,
			);
			sourceTree = "<group>";
		};
		AAE79DD91F006ED80061882C /* Products */ = {
			isa = PBXGroup;
			children = (
				AAE79DD81F006ED80061882C /* HowManyFingers.app */,
			);
			name = Products;
			sourceTree = "<group>";
		};
		AAE79DDA1F006ED80061882C /* HowManyFingers */ = {
			isa = PBXGroup;
			children = (
				AAE79DDB1F006ED80061882C /* AppDelegate.swift */,
				AAE79DDD1F006ED80061882C /* ViewController.swift */,
				AAE79DDF1F006ED80061882C /* Main.storyboard */,
				AAE79DE21F006ED80061882C /* Assets.xcassets */,
				AAE79DE41F006ED80061882C /* LaunchScreen.storyboard */,
				AAE79DE71F006ED80061882C /* Info.plist */,
			);
			path = HowManyFingers;
			sourceTree = "<group>";
		};
/* End PBXGroup section */

/* Begin PBXNativeTarget section */
		AAE79DD71F006ED80061882C /* HowManyFingers */ = {
			isa = PBXNativeTarget;
			buildConfigurationList = AAE79DEA1F006ED80061882C /* Build configuration list for PBXNativeTarget "HowManyFingers" */;
			buildPhases = (
				AAE79DD41F006ED80061882C /* Sources */,
				AAE79DD51F006ED80061882C /* Frameworks */,
				AAE79DD61F006ED80061882C /* Resources */,
			);
			buildRules = (
			);
			dependencies = (
			);
			name = HowManyFingers;
			productName = HowManyFingers;
			productReference = AAE79DD81F006ED80061882C /* HowManyFingers.app */;
			productType = "com.apple.product-type.application";
		};
/* End PBXNativeTarget section */

/* Begin PBXProject section */
		AAE79DD01F006ED70061882C /* Project object */ = {
			isa = PBXProject;
			attributes = {
				LastSwiftUpdateCheck = 0830;
				LastUpgradeCheck = 0830;
				ORGANIZATIONNAME = "Fábio do Couto Oliveira";
				TargetAttributes = {
					AAE79DD71F006ED80061882C = {
						CreatedOnToolsVersion = 8.3.2;
						ProvisioningStyle = Automatic;
					};
				};
			};
			buildConfigurationList = AAE79DD31F006ED70061882C /* Build configuration list for PBXProject "HowManyFingers" */;
			compatibilityVersion = "Xcode 3.2";
			developmentRegion = English;
			hasScannedForEncodings = 0;
			knownRegions = (
				en,
				Base,
			);
			mainGroup = AAE79DCF1F006ED70061882C;
			productRefGroup = AAE79DD91F006ED80061882C /* Products */;
			projectDirPath = "";
			projectRoot = "";
			targets = (
				AAE79DD71F006ED80061882C /* HowManyFingers */,
			);
		};
/* End PBXProject section */

/* Begin PBXResourcesBuildPhase section */
		AAE79DD61F006ED80061882C /* Resources */ = {
			isa = PBXResourcesBuildPhase;
			buildActionMask = 2147483647;
			files = (
				AAE79DE61F006ED80061882C /* LaunchScreen.storyboard in Resources */,
				AAE79DE31F006ED80061882C /* Assets.xcassets in Resources */,
				AAE79DE11F006ED80061882C /* Main.storyboard in Resources */,
			);
			runOnlyForDeploymentPostprocessing = 0;
		};
/* End PBXResourcesBuildPhase section */

/* Begin PBXSourcesBuildPhase section */
		AAE79DD41F006ED80061882C /* Sources */ = {
			isa = PBXSourcesBuildPhase;
			buildActionMask = 2147483647;
			files = (
				AAE79DDE1F006ED80061882C /* ViewController.swift in Sources */,
				AAE79DDC1F006ED80061882C /* AppDelegate.swift in Sources */,
			);
			runOnlyForDeploymentPostprocessing = 0;
		};
/* End PBXSourcesBuildPhase section */

/* Begin PBXVariantGroup section */
		AAE79DDF1F006ED80061882C /* Main.storyboard */ = {
			isa = PBXVariantGroup;
			children = (
				AAE79DE01F006ED80061882C /* Base */,
			);
			name = Main.storyboard;
			sourceTree = "<group>";
		};
		AAE79DE41F006ED80061882C /* LaunchScreen.storyboard */ = {
			isa = PBXVariantGroup;
			children = (
				AAE79DE51F006ED80061882C /* Base */,
			);
			name = LaunchScreen.storyboard;
			sourceTree = "<group>";
		};
/* End PBXVariantGroup section */

/* Begin XCBuildConfiguration section */
		AAE79DE81F006ED80061882C /* Debug */ = {
			isa = XCBuildConfiguration;
			buildSettings = {
				ALWAYS_SEARCH_USER_PATHS = NO;
				CLANG_ANALYZER_NONNULL = YES;
				CLANG_ANALYZER_NUMBER_OBJECT_CONVERSION = YES_AGGRESSIVE;
				CLANG_CXX_LANGUAGE_STANDARD = "gnu++0x";
				CLANG_CXX_LIBRARY = "libc++";
				CLANG_ENABLE_MODULES = YES;
				CLANG_ENABLE_OBJC_ARC = YES;
				CLANG_WARN_BOOL_CONVERSION = YES;
				CLANG_WARN_CONSTANT_CONVERSION = YES;
				CLANG_WARN_DIRECT_OBJC_ISA_USAGE = YES_ERROR;
				CLANG_WARN_DOCUMENTATION_COMMENTS = YES;
				CLANG_WARN_EMPTY_BODY = YES;
				CLANG_WARN_ENUM_CONVERSION = YES;
				CLANG_WARN_INFINITE_RECURSION = YES;
				CLANG_WARN_INT_CONVERSION = YES;
				CLANG_WARN_OBJC_ROOT_CLASS = YES_ERROR;
				CLANG_WARN_SUSPICIOUS_MOVE = YES;
				CLANG_WARN_UNREACHABLE_CODE = YES;
				CLANG_WARN__DUPLICATE_METHOD_MATCH = YES;
				"CODE_SIGN_IDENTITY[sdk=iphoneos*]" = "iPhone Developer";
				COPY_PHASE_STRIP = NO;
				DEBUG_INFORMATION_FORMAT = dwarf;
				ENABLE_STRICT_OBJC_MSGSEND = YES;
				ENABLE_TESTABILITY = YES;
				GCC_C_LANGUAGE_STANDARD = gnu99;
				GCC_DYNAMIC_NO_PIC = NO;
				GCC_NO_COMMON_BLOCKS = YES;
				GCC_OPTIMIZATION_LEVEL = 0;
				GCC_PREPROCESSOR_DEFINITIONS = (
					"DEBUG=1",
					"$(inherited)",
				);
				GCC_WARN_64_TO_32_BIT_CONVERSION = YES;
				GCC_WARN_ABOUT_RETURN_TYPE = YES_ERROR;
				GCC_WARN_UNDECLARED_SELECTOR = YES;
				GCC_WARN_UNINITIALIZED_AUTOS = YES_AGGRESSIVE;
				GCC_WARN_UNUSED_FUNCTION = YES;
				GCC_WARN_UNUSED_VARIABLE = YES;
				IPHONEOS_DEPLOYMENT_TARGET = 10.3;
				MTL_ENABLE_DEBUG_INFO = YES;
				ONLY_ACTIVE_ARCH = YES;
				SDKROOT = iphoneos;
				SWIFT_ACTIVE_COMPILATION_CONDITIONS = DEBUG;
				SWIFT_OPTIMIZATION_LEVEL = "-Onone";
			};
			name = Debug;
		};
		AAE79DE91F006ED80061882C /* Release */ = {
			isa = XCBuildConfiguration;
			buildSettings = {
				ALWAYS_SEARCH_USER_PATHS = NO;
				CLANG_ANALYZER_NONNULL = YES;
				CLANG_ANALYZER_NUMBER_OBJECT_CONVERSION = YES_AGGRESSIVE;
				CLANG_CXX_LANGUAGE_STANDARD = "gnu++0x";
				CLANG_CXX_LIBRARY = "libc++";
				CLANG_ENABLE_MODULES = YES;
				CLANG_ENABLE_OBJC_ARC = YES;
				CLANG_WARN_BOOL_CONVERSION = YES;
				CLANG_WARN_CONSTANT_CONVERSION = YES;
				CLANG_WARN_DIRECT_OBJC_ISA_USAGE = YES_ERROR;
				CLANG_WARN_DOCUMENTATION_COMMENTS = YES;
				CLANG_WARN_EMPTY_BODY = YES;
				CLANG_WARN_ENUM_CONVERSION = YES;
				CLANG_WARN_INFINITE_RECURSION = YES;
				CLANG_WARN_INT_CONVERSION = YES;
				CLANG_WARN_OBJC_ROOT_CLASS = YES_ERROR;
				CLANG_WARN_SUSPICIOUS_MOVE = YES;
				CLANG_WARN_UNREACHABLE_CODE = YES;
				CLANG_WARN__DUPLICATE_METHOD_MATCH = YES;
				"CODE_SIGN_IDENTITY[sdk=iphoneos*]" = "iPhone Developer";
				COPY_PHASE_STRIP = NO;
				DEBUG_INFORMATION_FORMAT = "dwarf-with-dsym";
				ENABLE_NS_ASSERTIONS = NO;
				ENABLE_STRICT_OBJC_MSGSEND = YES;
				GCC_C_LANGUAGE_STANDARD = gnu99;
				GCC_NO_COMMON_BLOCKS = YES;
				GCC_WARN_64_TO_32_BIT_CONVERSION = YES;
				GCC_WARN_ABOUT_RETURN_TYPE = YES_ERROR;
				GCC_WARN_UNDECLARED_SELECTOR = YES;
				GCC_WARN_UNINITIALIZED_AUTOS = YES_AGGRESSIVE;
				GCC_WARN_UNUSED_FUNCTION = YES;
				GCC_WARN_UNUSED_VARIABLE = YES;
				IPHONEOS_DEPLOYMENT_TARGET = 10.3;
				MTL_ENABLE_DEBUG_INFO = NO;
				SDKROOT = iphoneos;
				SWIFT_OPTIMIZATION_LEVEL = "-Owholemodule";
				VALIDATE_PRODUCT = YES;
			};
			name = Release;
		};
		AAE79DEB1F006ED80061882C /* Debug */ = {
			isa = XCBuildConfiguration;
			buildSettings = {
				ASSETCATALOG_COMPILER_APPICON_NAME = AppIcon;
				INFOPLIST_FILE = HowManyFingers/Info.plist;
				LD_RUNPATH_SEARCH_PATHS = "$(inherited) @executable_path/Frameworks";
				PRODUCT_BUNDLE_IDENTIFIER = com.bikespotapp.HowManyFingers;
				PRODUCT_NAME = "$(TARGET_NAME)";
				SWIFT_VERSION = 3.0;
			};
			name = Debug;
		};
		AAE79DEC1F006ED80061882C /* Release */ = {
			isa = XCBuildConfiguration;
			buildSettings = {
				ASSETCATALOG_COMPILER_APPICON_NAME = AppIcon;
				INFOPLIST_FILE = HowManyFingers/Info.plist;
				LD_RUNPATH_SEARCH_PATHS = "$(inherited) @executable_path/Frameworks";
				PRODUCT_BUNDLE_IDENTIFIER = com.bikespotapp.HowManyFingers;
				PRODUCT_NAME = "$(TARGET_NAME)";
				SWIFT_VERSION = 3.0;
			};
			name = Release;
		};
/* End XCBuildConfiguration section */

/* Begin XCConfigurationList section */
		AAE79DD31F006ED70061882C /* Build configuration list for PBXProject "HowManyFingers" */ = {
			isa = XCConfigurationList;
			buildConfigurations = (
				AAE79DE81F006ED80061882C /* Debug */,
				AAE79DE91F006ED80061882C /* Release */,
			);
			defaultConfigurationIsVisible = 0;
			defaultConfigurationName = Release;
		};
		AAE79DEA1F006ED80061882C /* Build configuration list for PBXNativeTarget "HowManyFingers" */ = {
			isa = XCConfigurationList;
			buildConfigurations = (
				AAE79DEB1F006ED80061882C /* Debug */,
				AAE79DEC1F006ED80061882C /* Release */,
			);
			defaultConfigurationIsVisible = 0;
		};
/* End XCConfigurationList section */
	};
	rootObject = AAE79DD01F006ED70061882C /* Project object */;
}
